
Microsoft Visual Studio Solution File, Format Version 12.00
# Visual Studio 15
VisualStudioVersion = 15.0.27428.2005
MinimumVisualStudioVersion = 10.0.40219.1
Project("{FAE04EC0-301F-11D3-BF4B-00C04F79EFBC}") = "esnet_efworkshop02", "esnet_efworkshop02\esnet_efworkshop02.csproj", "{58ABB1D7-CEF5-4408-BFA5-493C34D69BB4}"
EndProject
Global
	GlobalSection(SolutionConfigurationPlatforms) = preSolution
		Debug|Any CPU = Debug|Any CPU
		Release|Any CPU = Release|Any CPU
	EndGlobalSection
	GlobalSection(ProjectConfigurationPlatforms) = postSolution
		{58ABB1D7-CEF5-4408-BFA5-493C34D69BB4}.Debug|Any CPU.ActiveCfg = Debug|Any CPU
		{58ABB1D7-CEF5-4408-BFA5-493C34D69BB4}.Debug|Any CPU.Build.0 = Debug|Any CPU
		{58ABB1D7-CEF5-4408-BFA5-493C34D69BB4}.Release|Any CPU.ActiveCfg = Release|Any CPU
		{58ABB1D7-CEF5-4408-BFA5-493C34D69BB4}.Release|Any CPU.Build.0 = Release|Any CPU
	EndGlobalSection
	GlobalSection(SolutionProperties) = preSolution
		HideSolutionNode = FALSE
	EndGlobalSection
	GlobalSection(ExtensibilityGlobals) = postSolution
		SolutionGuid = {E4B7EB02-987F-47EF-9EB2-7057D36E6392}
	EndGlobalSection
EndGlobal
